
Microsoft Visual Studio Solution File, Format Version 12.00
# Visual Studio Version 17
VisualStudioVersion = 17.7.34221.43
MinimumVisualStudioVersion = 10.0.40219.1
Project("{FAE04EC0-301F-11D3-BF4B-00C04F79EFBC}") = "VIEWBUFF", "VIEWBUFF\VIEWBUFF.csproj", "{D4C05DF4-F8D5-4192-BE05-A004713D6F55}"
EndProject
Global
	GlobalSection(SolutionConfigurationPlatforms) = preSolution
		Debug|Any CPU = Debug|Any CPU
		Release|Any CPU = Release|Any CPU
	EndGlobalSection
	GlobalSection(ProjectConfigurationPlatforms) = postSolution
		{D4C05DF4-F8D5-4192-BE05-A004713D6F55}.Debug|Any CPU.ActiveCfg = Debug|Any CPU
		{D4C05DF4-F8D5-4192-BE05-A004713D6F55}.Debug|Any CPU.Build.0 = Debug|Any CPU
		{D4C05DF4-F8D5-4192-BE05-A004713D6F55}.Release|Any CPU.ActiveCfg = Release|Any CPU
		{D4C05DF4-F8D5-4192-BE05-A004713D6F55}.Release|Any CPU.Build.0 = Release|Any CPU
	EndGlobalSection
	GlobalSection(SolutionProperties) = preSolution
		HideSolutionNode = FALSE
	EndGlobalSection
	GlobalSection(ExtensibilityGlobals) = postSolution
		SolutionGuid = {8A953318-BB2C-4AD0-A16E-761D3C35F78A}
	EndGlobalSection
EndGlobal
